{
  "version": 4,
  "terraform_version": "1.1.9",
  "serial": 5,
  "lineage": "886cdeb2-0b4a-ffe3-2f99-08389eb752ea",
  "outputs": {},
  "resources": [
    {
      "mode": "managed",
      "type": "yandex_kubernetes_cluster",
      "name": "currencies",
      "provider": "provider[\"registry.terraform.io/yandex-cloud/yandex\"]",
      "instances": [
        {
          "schema_version": 0,
          "attributes": {
            "cluster_ipv4_range": "10.112.0.0/16",
            "cluster_ipv6_range": "",
            "created_at": "2022-06-01T08:53:39Z",
            "description": "",
            "folder_id": "b1gtnrjn66uqqg19vb8u",
            "health": "healthy",
            "id": "cat1lkar8oaaqb7qvt34",
            "kms_provider": [],
            "labels": {},
            "log_group_id": "ckgbaptmvp4e89diagc6",
            "master": [
              {
                "cluster_ca_certificate": "-----BEGIN CERTIFICATE-----\nMIIC5zCCAc+gAwIBAgIBADANBgkqhkiG9w0BAQsFADAVMRMwEQYDVQQDEwprdWJl\ncm5ldGVzMB4XDTIyMDYwMTA4NTM0MFoXDTMyMDUyOTA4NTM0MFowFTETMBEGA1UE\nAxMKa3ViZXJuZXRlczCCASIwDQYJKoZIhvcNAQEBBQADggEPADCCAQoCggEBAO/U\nGYWM7LRT1X1Ofdpgm7cKhxbNZTxuPLpZ8EoxPAWS7EQaMUJ/1HZvSOijgjTEiDxA\noIszM/cCrL94lyFLdhG7bcHtkvz2V+6TX4cmfoi4JpDeXA68KYs7Tj1gtj1Mi1Lp\nInbR8kcX+v+pHyqq3e3+3Fyv8hG8a7oSclFmlaj+7dvWdq/+hxsWJg64EJiulBz4\nUAjrQudrn/0BxjKCBb4LoxSUlCvlnutfKQdds8lACWfn4OWSQXX8d/C/y5WgHhrg\nxBaSMjxAwDe3H/oFQ+kdVYpzxxM3QrN445T0qORb2UfG2owMg85KowaOa6+lZGbI\n5h5Ed/m4Ig3t2osC16UCAwEAAaNCMEAwDgYDVR0PAQH/BAQDAgKkMA8GA1UdEwEB\n/wQFMAMBAf8wHQYDVR0OBBYEFBpG+Bat/ejE51/9O88rEd7hq/UrMA0GCSqGSIb3\nDQEBCwUAA4IBAQArwydkRkHUZDOzOhwUYe9N5CL/wBJZSDLkPW3Ui9+2OXP6Ld2s\ng7e35xaCXGCuM+VSIDcdzQ1qoIIdo+T3f+/QxiQBimt1qUIas3TTl0SI8U3DBGVU\nN/5dZN0enPjhJjbFLI05MF51eKin1h/8EW57Wf4p3ZftrrLcsGSuy9rE/PX90Ne0\ng0Ud4moduEGHnc+C3NevZf6o2J+f0EbNrZjzqtemkMifwMc1FWWvokD3mlc4P6nw\na2xidITLWRk/igADPsyWWG6zaQFFWGVEsaybbqXgCmU+lxJg7geN2z0JiDgGcBS0\nuhKoumrxGShU/9Yoqrv7WU/uNsUB/KW8CNCj\n-----END CERTIFICATE-----\n",
                "external_v4_address": "51.250.65.198",
                "external_v4_endpoint": "https://51.250.65.198",
                "internal_v4_address": "10.128.0.32",
                "internal_v4_endpoint": "https://10.128.0.32",
                "maintenance_policy": [
                  {
                    "auto_upgrade": true,
                    "maintenance_window": [
                      {
                        "day": "friday",
                        "duration": "4h30m0s",
                        "start_time": "10:00:00.000000000"
                      },
                      {
                        "day": "monday",
                        "duration": "3h0m0s",
                        "start_time": "15:00:00.000000000"
                      }
                    ]
                  }
                ],
                "public_ip": true,
                "regional": [
                  {
                    "location": [
                      {
                        "subnet_id": "e9bfcoingr5dj435lfqm",
                        "zone": "ru-central1-a"
                      },
                      {
                        "subnet_id": "e2l50r62r0lok7oqjvfc",
                        "zone": "ru-central1-b"
                      },
                      {
                        "subnet_id": "b0cj1fg80tbo7cmb7ces",
                        "zone": "ru-central1-c"
                      }
                    ],
                    "region": "ru-central1"
                  }
                ],
                "security_group_ids": [],
                "version": "1.19",
                "version_info": [
                  {
                    "current_version": "1.19",
                    "new_revision_available": false,
                    "new_revision_summary": "",
                    "version_deprecated": false
                  }
                ],
                "zonal": []
              }
            ],
            "name": "",
            "network_id": "enpuc6msob1f8s4irbri",
            "network_implementation": [],
            "network_policy_provider": null,
            "node_ipv4_cidr_mask_size": 24,
            "node_service_account_id": "ajegmgold6ecpbkncm0b",
            "release_channel": "STABLE",
            "service_account_id": "ajegmgold6ecpbkncm0b",
            "service_ipv4_range": "10.96.0.0/16",
            "service_ipv6_range": "",
            "status": "running",
            "timeouts": null
          },
          "sensitive_attributes": [],
          "private": "eyJlMmJmYjczMC1lY2FhLTExZTYtOGY4OC0zNDM2M2JjN2M0YzAiOnsiY3JlYXRlIjoxODAwMDAwMDAwMDAwLCJkZWxldGUiOjEyMDAwMDAwMDAwMDAsInJlYWQiOjMwMDAwMDAwMDAwMCwidXBkYXRlIjoxODAwMDAwMDAwMDAwfX0="
        }
      ]
    },
    {
      "mode": "managed",
      "type": "yandex_lb_network_load_balancer",
      "name": "foo",
      "provider": "provider[\"registry.terraform.io/yandex-cloud/yandex\"]",
      "instances": [
        {
          "schema_version": 0,
          "attributes": {
            "attached_target_group": [
              {
                "healthcheck": [
                  {
                    "healthy_threshold": 2,
                    "http_options": [
                      {
                        "path": "/ping",
                        "port": 80
                      }
                    ],
                    "interval": 2,
                    "name": "currencies-app-backend",
                    "tcp_options": [],
                    "timeout": 1,
                    "unhealthy_threshold": 2
                  }
                ],
                "target_group_id": "enpf6lkp52p0u9sv1alp"
              }
            ],
            "created_at": "2022-06-06T09:51:32Z",
            "description": "",
            "folder_id": "b1gtnrjn66uqqg19vb8u",
            "id": "enpfrpsh499oj1tjot5f",
            "labels": null,
            "listener": [
              {
                "external_address_spec": [
                  {
                    "address": "51.250.102.83",
                    "ip_version": "ipv4"
                  }
                ],
                "internal_address_spec": [],
                "name": "currencies-app-backend",
                "port": 5000,
                "protocol": "tcp",
                "target_port": 5000
              }
            ],
            "name": "currencies-app-backend",
            "region_id": "ru-central1",
            "timeouts": null,
            "type": "external"
          },
          "sensitive_attributes": [],
          "private": "eyJlMmJmYjczMC1lY2FhLTExZTYtOGY4OC0zNDM2M2JjN2M0YzAiOnsiY3JlYXRlIjozMDAwMDAwMDAwMDAsImRlbGV0ZSI6MzAwMDAwMDAwMDAwLCJ1cGRhdGUiOjMwMDAwMDAwMDAwMH19"
        }
      ]
    }
  ]
}
